
Microsoft Visual Studio Solution File, Format Version 12.00
# Visual Studio Version 17
VisualStudioVersion = 17.14.36518.9 d17.14
MinimumVisualStudioVersion = 10.0.40219.1
Project("{FAE04EC0-301F-11D3-BF4B-00C04F79EFBC}") = "SorryImlate", "SorryImlate\SorryImlate.csproj", "{748716E9-3306-4251-BB8E-6EFCAC4A68D2}"
EndProject
Global
	GlobalSection(SolutionConfigurationPlatforms) = preSolution
		Debug|Any CPU = Debug|Any CPU
		Release|Any CPU = Release|Any CPU
	EndGlobalSection
	GlobalSection(ProjectConfigurationPlatforms) = postSolution
		{748716E9-3306-4251-BB8E-6EFCAC4A68D2}.Debug|Any CPU.ActiveCfg = Debug|Any CPU
		{748716E9-3306-4251-BB8E-6EFCAC4A68D2}.Debug|Any CPU.Build.0 = Debug|Any CPU
		{748716E9-3306-4251-BB8E-6EFCAC4A68D2}.Release|Any CPU.ActiveCfg = Release|Any CPU
		{748716E9-3306-4251-BB8E-6EFCAC4A68D2}.Release|Any CPU.Build.0 = Release|Any CPU
	EndGlobalSection
	GlobalSection(SolutionProperties) = preSolution
		HideSolutionNode = FALSE
	EndGlobalSection
	GlobalSection(ExtensibilityGlobals) = postSolution
		SolutionGuid = {7A52E27E-60F5-4BB5-9251-FB47D5E34121}
	EndGlobalSection
EndGlobal
